
Microsoft Visual Studio Solution File, Format Version 12.00
# Visual Studio 14
VisualStudioVersion = 14.0.24720.0
MinimumVisualStudioVersion = 10.0.40219.1
Project("{FAE04EC0-301F-11D3-BF4B-00C04F79EFBC}") = "CasualGamesAssignment", "CasualGamesAssignment\CasualGamesAssignment.csproj", "{8367CD42-99E2-4DCD-82B5-4B1668FE3612}"
EndProject
Project("{FAE04EC0-301F-11D3-BF4B-00C04F79EFBC}") = "Server", "Server\Server.csproj", "{B0D0DAB0-B552-438E-9AEF-17B8AA13BB80}"
EndProject
Project("{FAE04EC0-301F-11D3-BF4B-00C04F79EFBC}") = "OpenServer", "OpenServer\OpenServer.csproj", "{F785954B-E8D2-492C-914A-03E6C685F146}"
EndProject
Project("{D954291E-2A0B-460D-934E-DC6B0785DB48}") = "EventDriven_Input", "MonoGame-EventDriven-Input\EventDriven_Input.shproj", "{BBE2021D-83A3-4C12-984C-C67449B20558}"
EndProject
Global
	GlobalSection(SharedMSBuildProjectFiles) = preSolution
		MonoGame-EventDriven-Input\EventDriven_Input.projitems*{bbe2021d-83a3-4c12-984c-c67449b20558}*SharedItemsImports = 13
	EndGlobalSection
	GlobalSection(SolutionConfigurationPlatforms) = preSolution
		Debug|Any CPU = Debug|Any CPU
		Debug|x86 = Debug|x86
		Release|Any CPU = Release|Any CPU
		Release|x86 = Release|x86
	EndGlobalSection
	GlobalSection(ProjectConfigurationPlatforms) = postSolution
		{8367CD42-99E2-4DCD-82B5-4B1668FE3612}.Debug|Any CPU.ActiveCfg = Debug|x86
		{8367CD42-99E2-4DCD-82B5-4B1668FE3612}.Debug|x86.ActiveCfg = Debug|x86
		{8367CD42-99E2-4DCD-82B5-4B1668FE3612}.Debug|x86.Build.0 = Debug|x86
		{8367CD42-99E2-4DCD-82B5-4B1668FE3612}.Release|Any CPU.ActiveCfg = Release|x86
		{8367CD42-99E2-4DCD-82B5-4B1668FE3612}.Release|x86.ActiveCfg = Release|x86
		{8367CD42-99E2-4DCD-82B5-4B1668FE3612}.Release|x86.Build.0 = Release|x86
		{B0D0DAB0-B552-438E-9AEF-17B8AA13BB80}.Debug|Any CPU.ActiveCfg = Debug|Any CPU
		{B0D0DAB0-B552-438E-9AEF-17B8AA13BB80}.Debug|Any CPU.Build.0 = Debug|Any CPU
		{B0D0DAB0-B552-438E-9AEF-17B8AA13BB80}.Debug|x86.ActiveCfg = Debug|Any CPU
		{B0D0DAB0-B552-438E-9AEF-17B8AA13BB80}.Debug|x86.Build.0 = Debug|Any CPU
		{B0D0DAB0-B552-438E-9AEF-17B8AA13BB80}.Release|Any CPU.ActiveCfg = Release|Any CPU
		{B0D0DAB0-B552-438E-9AEF-17B8AA13BB80}.Release|Any CPU.Build.0 = Release|Any CPU
		{B0D0DAB0-B552-438E-9AEF-17B8AA13BB80}.Release|x86.ActiveCfg = Release|Any CPU
		{B0D0DAB0-B552-438E-9AEF-17B8AA13BB80}.Release|x86.Build.0 = Release|Any CPU
		{F785954B-E8D2-492C-914A-03E6C685F146}.Debug|Any CPU.ActiveCfg = Debug|Any CPU
		{F785954B-E8D2-492C-914A-03E6C685F146}.Debug|Any CPU.Build.0 = Debug|Any CPU
		{F785954B-E8D2-492C-914A-03E6C685F146}.Debug|x86.ActiveCfg = Debug|Any CPU
		{F785954B-E8D2-492C-914A-03E6C685F146}.Debug|x86.Build.0 = Debug|Any CPU
		{F785954B-E8D2-492C-914A-03E6C685F146}.Release|Any CPU.ActiveCfg = Release|Any CPU
		{F785954B-E8D2-492C-914A-03E6C685F146}.Release|Any CPU.Build.0 = Release|Any CPU
		{F785954B-E8D2-492C-914A-03E6C685F146}.Release|x86.ActiveCfg = Release|Any CPU
		{F785954B-E8D2-492C-914A-03E6C685F146}.Release|x86.Build.0 = Release|Any CPU
	EndGlobalSection
	GlobalSection(SolutionProperties) = preSolution
		HideSolutionNode = FALSE
	EndGlobalSection
EndGlobal
